{
  "name": "test-vulnerable-project",
  "version": "1.0.0",
  "lockfileVersion": 3,
  "requires": true,
  "packages": {
    "": {
      "name": "test-vulnerable-project",
      "version": "1.0.0",
      "dependencies": {
        "lodash": "4.17.4",
        "axios": "0.19.0",
        "minimist": "1.2.0",
        "jquery": "2.1.4",
        "moment": "2.19.3",
        "express": "4.16.0",
        "marked": "0.3.6",
        "handlebars": "4.0.5",
        "node-fetch": "2.6.0",
        "tar": "4.4.0",
        "ws": "5.0.0",
        "ini": "1.3.5",
        "yargs-parser": "5.0.0",
        "ejs": "2.5.7",
        "debug": "2.6.8",
        "qs": "6.4.0",
        "negotiator": "0.6.1",
        "ms": "2.0.0",
        "underscore": "1.12.0",
        "tough-cookie": "2.5.0",
        "serialize-javascript": "2.1.0",
        "jsonwebtoken": "8.5.0",
        "request": "2.88.0",
        "pug": "2.0.0",
        "hoek": "4.2.0",
        "cryptiles": "3.1.2",
        "ajv": "5.0.0",
        "set-value": "2.0.0",
        "mixin-deep": "1.3.1",
        "clean-css": "4.1.10",
        "shelljs": "0.8.4",
        "node-forge": "0.10.0",
        "cross-spawn": "6.0.5",
        "semver": "7.5.1",
        "micromatch": "4.0.7",
        "webpack-dev-middleware": "5.3.3",
        "@babel/traverse": "7.23.1",
        "braces": "3.0.2",
        "validator": "13.6.0",
        "async": "2.6.3",
        "body-parser": "1.19.0",
        "cookie-parser": "1.4.3",
        "got": "11.8.3",
        "colors": "1.4.0",
        "xml2js": "0.4.23",
        "vm2": "3.9.19",
        "nth-check": "2.0.0",
        "urllib": "2.33.0",
        "ip": "1.1.8",
        "fast-xml-parser": "4.2.4",
        "superagent": "3.7.0",
        "path-to-regexp": "0.1.7",
        "protobufjs": "6.10.1",
        "word-wrap": "1.2.3",
        "bl": "1.2.2",
        "prismjs": "1.20.0",
        "follow-redirects": "1.15.3",
        "elliptic": "6.5.3",
        "mpath": "0.5.0",
        "morgan": "1.9.0",
        "json5": "1.0.1",
        "terser": "4.8.0",
        "sharp": "0.31.3",
        "next": "13.4.1",
        "simple-git": "3.15.0",
        "git-url-parse": "11.6.0",
        "is-svg": "3.0.0",
        "minimatch": "3.0.4",
        "ssri": "8.0.0",
        "trim": "0.0.1",
        "ansi-regex": "4.1.0",
        "node-notifier": "8.0.0",
        "systeminformation": "4.27.0",
        "js-yaml": "3.13.1",
        "yargs": "15.0.0",
        "undici": "5.26.2",
        "puppeteer": "19.0.0",
        "engine.io": "6.2.0",
        "socket.io": "4.6.0",
        "glob-parent": "5.1.1",
        "kind-of": "6.0.2",
        "dset": "3.1.1",
        "postcss": "7.0.35",
        "immer": "9.0.5",
        "nanoid": "3.1.22",
        "decode-uri-component": "0.2.0",
        "loader-utils": "2.0.2",
        "json-schema": "0.2.3",
        "ua-parser-js": "0.7.19",
        "highlight.js": "9.18.1",
        "sanitize-html": "2.3.2",
        "passport": "0.5.0",
        "helmet": "4.6.0",
        "mongoose": "5.7.0",
        "sequelize": "6.6.2",
        "knex": "0.95.0",
        "mysql2": "2.3.0",
        "pg": "8.7.0",
        "redis": "3.1.2",
        "cheerio": "1.0.0-rc.9",
        "jsdom": "16.5.0",
        "dompurify": "2.3.0",
        "luxon": "2.0.0",
        "chalk": "4.1.0",
        "glob": "7.1.6",
        "chokidar": "3.5.1",
        "http-proxy": "1.18.0",
        "http-proxy-middleware": "2.0.0",
        "serve-static": "1.14.1",
        "multer": "1.4.2",
        "formidable": "1.2.2",
        "busboy": "0.3.1",
        "jsonpath-plus": "7.2.0",
        "flat": "5.0.0",
        "object-path": "0.11.4",
        "deep-extend": "0.6.0",
        "merge-deep": "3.0.2",
        "deeks": "2.0.0",
        "class-validator": "0.13.1",
        "typeorm": "0.2.34",
        "graphql": "15.5.0",
        "apollo-server-express": "2.25.0",
        "cors": "2.8.4",
        "compression": "1.7.3",
        "cookie": "0.4.1",
        "connect": "3.6.6",
        "send": "0.16.2",
        "fresh": "0.5.0",
        "mime": "1.6.0",
        "content-type": "1.0.4",
        "raw-body": "2.3.3",
        "dicer": "0.3.0",
        "pac-resolver": "5.0.0",
        "ssh2": "1.4.0",
        "node-sass": "7.0.0",
        "sass": "1.32.0",
        "event-stream": "3.3.6",
        "react-scripts": "4.0.0",
        "gatsby": "2.24.0",
        "firebase": "8.2.0",
        "grunt": "1.0.1",
        "grunt-cli": "1.2.0",
        "gulp": "3.9.1",
        "bower": "1.8.8",
        "eslint": "7.2.0",
        "mocha": "6.0.0",
        "jest": "24.8.0",
        "karma": "4.0.0",
        "phantomjs-prebuilt": "2.1.16",
        "mkdirp": "0.5.1",
        "rimraf": "2.6.2",
        "mkdirp-promise": "5.0.1",
        "fstream": "1.0.11",
        "adm-zip": "0.4.7",
        "adm-zip-util": "0.1.0",
        "archiver": "3.0.0",
        "extract-zip": "1.6.7",
        "unzipper": "0.8.12",
        "form-data": "2.3.2",
        "request-promise": "4.2.2",
        "tunnel-agent": "0.6.0",
        "hawk": "6.0.2",
        "boom": "4.3.1",
        "sntp": "2.1.0",
        "har-validator": "5.1.3",
        "uglify-js": "2.8.29",
        "uglify-es": "3.3.9",
        "serialize-to-js": "3.0.0",
        "markdown-it": "8.4.1",
        "remarkable": "1.7.1",
        "showdown": "1.9.0",
        "mathjs": "3.9.0",
        "mongoose-mask": "0.0.2",
        "mongo-express": "0.49.0",
        "mongodb": "3.1.13",
        "bson": "1.1.3",
        "redis-commander": "0.6.0",
        "ioredis": "4.17.3",
        "mem": "4.0.0",
        "cache-manager": "2.10.0",
        "memcached": "2.2.2",
        "jwt-simple": "0.5.1",
        "oauth2-server": "3.0.1",
        "passport-jwt": "4.0.0",
        "express-session": "1.15.6",
        "connect-redis": "3.4.0",
        "csurf": "1.9.0",
        "helmet-csp": "2.9.0",
        "xss": "1.0.8",
        "dom-serializer": "0.1.1",
        "parse5": "5.1.0",
        "html-minifier": "4.0.0",
        "svgo": "1.2.2",
        "svg2img": "0.6.0",
        "pdfkit": "0.8.3",
        "xlsx": "0.17.0",
        "exceljs": "1.6.3",
        "csv-parse": "4.4.0",
        "csvtojson": "2.0.10",
        "nodemailer": "6.4.10",
        "mailparser": "2.7.7",
        "socket.io-parser": "3.3.0",
        "engine.io-client": "6.1.1",
        "node-serialize": "0.0.4",
        "serialize-error": "7.0.0",
        "dns-sync": "0.1.3",
        "dns-packet": "1.3.1",
        "tcp-port-used": "1.0.1",
        "netmask": "1.0.6",
        "http-cache-semantics": "4.0.0",
        "cacheable-request": "6.1.0",
        "tar-fs": "1.16.3",
        "fstream-ignore": "1.0.5",
        "shell-quote": "1.7.2",
        "execa": "0.8.0",
        "npm": "6.14.0",
        "npm-registry-fetch": "4.0.5",
        "pac-proxy-agent": "5.0.0",
        "httpntlm": "1.7.6",
        "axios-retry": "3.1.2",
        "swagger-ui-express": "4.1.4",
        "swagger-parser": "10.0.2",
        "openapi-schema-validator": "3.0.0",
        "xml-crypto": "1.4.1",
        "xmldom": "0.1.27",
        "libxmljs": "0.19.7",
        "jsonwebtoken-refresh": "1.0.0",
        "keycloak-connect": "12.0.4",
        "openid-client": "5.1.8",
        "bcrypt": "5.0.0",
        "bcryptjs": "2.4.2",
        "crypto-js": "3.1.9-1",
        "node-rsa": "1.0.5",
        "tweetnacl": "1.0.1",
        "jose": "3.11.5",
        "moment-timezone": "0.5.31",
        "date-fns": "2.15.0",
        "cron": "1.8.2",
        "pm2": "4.5.0",
        "forever": "2.0.0",
        "nodemon": "2.0.3",
        "yeoman-generator": "4.11.0",
        "yeoman-environment": "2.10.3",
        "parcel-bundler": "1.12.4",
        "vite": "2.9.15",
        "rollup": "2.38.0",
        "webpack": "4.44.2",
        "babel-core": "6.26.3",
        "core-js": "2.6.11",
        "vue": "2.5.17",
        "vue-template-compiler": "2.6.12",
        "angular": "1.7.8",
        "ember-source": "3.20.0",
        "react-router": "5.2.0",
        "redux": "4.0.5",
        "mobx": "5.15.4",
        "rxjs": "6.5.5",
        "zone.js": "0.10.3",
        "deepmerge": "2.0.1",
        "dot-prop": "4.2.0",
        "merge": "1.2.0",
        "lodash.merge": "4.6.1",
        "ecstatic": "2.2.1",
        "http-server": "0.11.1",
        "st": "0.2.4",
        "growl": "1.9.2",
        "diff": "3.5.0",
        "color-string": "1.5.3",
        "eventsource": "1.0.5",
        "atob": "2.1.0",
        "rc": "1.2.7",
        "react": "16.0.0",
        "react-dom": "16.0.0",
        "chart.js": "2.8.0",
        "sweetalert": "2.1.0",
        "is-my-json-valid": "2.17.2",
        "pdfinfojs": "0.3.6",
        "ghostscript4js": "2.1.2",
        "trim-newlines": "3.0.0"
      }
    },
    "node_modules/lodash": {
      "version": "4.17.4"
    },
    "node_modules/axios": {
      "version": "0.19.0"
    },
    "node_modules/minimist": {
      "version": "1.2.0"
    },
    "node_modules/jquery": {
      "version": "2.1.4"
    },
    "node_modules/moment": {
      "version": "2.19.3"
    },
    "node_modules/express": {
      "version": "4.16.0"
    },
    "node_modules/marked": {
      "version": "0.3.6"
    },
    "node_modules/handlebars": {
      "version": "4.0.5"
    },
    "node_modules/node-fetch": {
      "version": "2.6.0"
    },
    "node_modules/tar": {
      "version": "4.4.0"
    },
    "node_modules/ws": {
      "version": "5.0.0"
    },
    "node_modules/ini": {
      "version": "1.3.5"
    },
    "node_modules/yargs-parser": {
      "version": "5.0.0"
    },
    "node_modules/ejs": {
      "version": "2.5.7"
    },
    "node_modules/debug": {
      "version": "2.6.8"
    },
    "node_modules/qs": {
      "version": "6.4.0"
    },
    "node_modules/negotiator": {
      "version": "0.6.1"
    },
    "node_modules/ms": {
      "version": "2.0.0"
    },
    "node_modules/underscore": {
      "version": "1.12.0"
    },
    "node_modules/tough-cookie": {
      "version": "2.5.0"
    },
    "node_modules/serialize-javascript": {
      "version": "2.1.0"
    },
    "node_modules/jsonwebtoken": {
      "version": "8.5.0"
    },
    "node_modules/request": {
      "version": "2.88.0"
    },
    "node_modules/pug": {
      "version": "2.0.0"
    },
    "node_modules/hoek": {
      "version": "4.2.0"
    },
    "node_modules/cryptiles": {
      "version": "3.1.2"
    },
    "node_modules/ajv": {
      "version": "5.0.0"
    },
    "node_modules/set-value": {
      "version": "2.0.0"
    },
    "node_modules/mixin-deep": {
      "version": "1.3.1"
    },
    "node_modules/clean-css": {
      "version": "4.1.10"
    },
    "node_modules/shelljs": {
      "version": "0.8.4"
    },
    "node_modules/node-forge": {
      "version": "0.10.0"
    },
    "node_modules/cross-spawn": {
      "version": "6.0.5"
    },
    "node_modules/semver": {
      "version": "7.5.1"
    },
    "node_modules/micromatch": {
      "version": "4.0.7"
    },
    "node_modules/webpack-dev-middleware": {
      "version": "5.3.3"
    },
    "node_modules/@babel/traverse": {
      "version": "7.23.1"
    },
    "node_modules/braces": {
      "version": "3.0.2"
    },
    "node_modules/validator": {
      "version": "13.6.0"
    },
    "node_modules/async": {
      "version": "2.6.3"
    },
    "node_modules/body-parser": {
      "version": "1.19.0"
    },
    "node_modules/cookie-parser": {
      "version": "1.4.3"
    },
    "node_modules/got": {
      "version": "11.8.3"
    },
    "node_modules/colors": {
      "version": "1.4.0"
    },
    "node_modules/xml2js": {
      "version": "0.4.23"
    },
    "node_modules/vm2": {
      "version": "3.9.19"
    },
    "node_modules/nth-check": {
      "version": "2.0.0"
    },
    "node_modules/urllib": {
      "version": "2.33.0"
    },
    "node_modules/ip": {
      "version": "1.1.8"
    },
    "node_modules/fast-xml-parser": {
      "version": "4.2.4"
    },
    "node_modules/superagent": {
      "version": "3.7.0"
    },
    "node_modules/path-to-regexp": {
      "version": "0.1.7"
    },
    "node_modules/protobufjs": {
      "version": "6.10.1"
    },
    "node_modules/word-wrap": {
      "version": "1.2.3"
    },
    "node_modules/bl": {
      "version": "1.2.2"
    },
    "node_modules/prismjs": {
      "version": "1.20.0"
    },
    "node_modules/follow-redirects": {
      "version": "1.15.3"
    },
    "node_modules/elliptic": {
      "version": "6.5.3"
    },
    "node_modules/mpath": {
      "version": "0.5.0"
    },
    "node_modules/morgan": {
      "version": "1.9.0"
    },
    "node_modules/json5": {
      "version": "1.0.1"
    },
    "node_modules/terser": {
      "version": "4.8.0"
    },
    "node_modules/sharp": {
      "version": "0.31.3"
    },
    "node_modules/next": {
      "version": "13.4.1"
    },
    "node_modules/simple-git": {
      "version": "3.15.0"
    },
    "node_modules/git-url-parse": {
      "version": "11.6.0"
    },
    "node_modules/is-svg": {
      "version": "3.0.0"
    },
    "node_modules/minimatch": {
      "version": "3.0.4"
    },
    "node_modules/ssri": {
      "version": "8.0.0"
    },
    "node_modules/trim": {
      "version": "0.0.1"
    },
    "node_modules/ansi-regex": {
      "version": "4.1.0"
    },
    "node_modules/node-notifier": {
      "version": "8.0.0"
    },
    "node_modules/systeminformation": {
      "version": "4.27.0"
    },
    "node_modules/js-yaml": {
      "version": "3.13.1"
    },
    "node_modules/yargs": {
      "version": "15.0.0"
    },
    "node_modules/undici": {
      "version": "5.26.2"
    },
    "node_modules/puppeteer": {
      "version": "19.0.0"
    },
    "node_modules/engine.io": {
      "version": "6.2.0"
    },
    "node_modules/socket.io": {
      "version": "4.6.0"
    },
    "node_modules/glob-parent": {
      "version": "5.1.1"
    },
    "node_modules/kind-of": {
      "version": "6.0.2"
    },
    "node_modules/dset": {
      "version": "3.1.1"
    },
    "node_modules/postcss": {
      "version": "7.0.35"
    },
    "node_modules/immer": {
      "version": "9.0.5"
    },
    "node_modules/nanoid": {
      "version": "3.1.22"
    },
    "node_modules/decode-uri-component": {
      "version": "0.2.0"
    },
    "node_modules/loader-utils": {
      "version": "2.0.2"
    },
    "node_modules/json-schema": {
      "version": "0.2.3"
    },
    "node_modules/ua-parser-js": {
      "version": "0.7.19"
    },
    "node_modules/highlight.js": {
      "version": "9.18.1"
    },
    "node_modules/sanitize-html": {
      "version": "2.3.2"
    },
    "node_modules/passport": {
      "version": "0.5.0"
    },
    "node_modules/helmet": {
      "version": "4.6.0"
    },
    "node_modules/mongoose": {
      "version": "5.7.0"
    },
    "node_modules/sequelize": {
      "version": "6.6.2"
    },
    "node_modules/knex": {
      "version": "0.95.0"
    },
    "node_modules/mysql2": {
      "version": "2.3.0"
    },
    "node_modules/pg": {
      "version": "8.7.0"
    },
    "node_modules/redis": {
      "version": "3.1.2"
    },
    "node_modules/cheerio": {
      "version": "1.0.0-rc.9"
    },
    "node_modules/jsdom": {
      "version": "16.5.0"
    },
    "node_modules/dompurify": {
      "version": "2.3.0"
    },
    "node_modules/luxon": {
      "version": "2.0.0"
    },
    "node_modules/chalk": {
      "version": "4.1.0"
    },
    "node_modules/glob": {
      "version": "7.1.6"
    },
    "node_modules/chokidar": {
      "version": "3.5.1"
    },
    "node_modules/http-proxy": {
      "version": "1.18.0"
    },
    "node_modules/http-proxy-middleware": {
      "version": "2.0.0"
    },
    "node_modules/serve-static": {
      "version": "1.14.1"
    },
    "node_modules/multer": {
      "version": "1.4.2"
    },
    "node_modules/formidable": {
      "version": "1.2.2"
    },
    "node_modules/busboy": {
      "version": "0.3.1"
    },
    "node_modules/jsonpath-plus": {
      "version": "7.2.0"
    },
    "node_modules/flat": {
      "version": "5.0.0"
    },
    "node_modules/object-path": {
      "version": "0.11.4"
    },
    "node_modules/deep-extend": {
      "version": "0.6.0"
    },
    "node_modules/merge-deep": {
      "version": "3.0.2"
    },
    "node_modules/deeks": {
      "version": "2.0.0"
    },
    "node_modules/class-validator": {
      "version": "0.13.1"
    },
    "node_modules/typeorm": {
      "version": "0.2.34"
    },
    "node_modules/graphql": {
      "version": "15.5.0"
    },
    "node_modules/apollo-server-express": {
      "version": "2.25.0"
    },
    "node_modules/cors": {
      "version": "2.8.4"
    },
    "node_modules/compression": {
      "version": "1.7.3"
    },
    "node_modules/cookie": {
      "version": "0.4.1"
    },
    "node_modules/connect": {
      "version": "3.6.6"
    },
    "node_modules/send": {
      "version": "0.16.2"
    },
    "node_modules/fresh": {
      "version": "0.5.0"
    },
    "node_modules/mime": {
      "version": "1.6.0"
    },
    "node_modules/content-type": {
      "version": "1.0.4"
    },
    "node_modules/raw-body": {
      "version": "2.3.3"
    },
    "node_modules/dicer": {
      "version": "0.3.0"
    },
    "node_modules/pac-resolver": {
      "version": "5.0.0"
    },
    "node_modules/ssh2": {
      "version": "1.4.0"
    },
    "node_modules/node-sass": {
      "version": "7.0.0"
    },
    "node_modules/sass": {
      "version": "1.32.0"
    },
    "node_modules/event-stream": {
      "version": "3.3.6"
    },
    "node_modules/react-scripts": {
      "version": "4.0.0"
    },
    "node_modules/gatsby": {
      "version": "2.24.0"
    },
    "node_modules/firebase": {
      "version": "8.2.0"
    },
    "node_modules/grunt": {
      "version": "1.0.1"
    },
    "node_modules/grunt-cli": {
      "version": "1.2.0"
    },
    "node_modules/gulp": {
      "version": "3.9.1"
    },
    "node_modules/bower": {
      "version": "1.8.8"
    },
    "node_modules/eslint": {
      "version": "7.2.0"
    },
    "node_modules/mocha": {
      "version": "6.0.0"
    },
    "node_modules/jest": {
      "version": "24.8.0"
    },
    "node_modules/karma": {
      "version": "4.0.0"
    },
    "node_modules/phantomjs-prebuilt": {
      "version": "2.1.16"
    },
    "node_modules/mkdirp": {
      "version": "0.5.1"
    },
    "node_modules/rimraf": {
      "version": "2.6.2"
    },
    "node_modules/mkdirp-promise": {
      "version": "5.0.1"
    },
    "node_modules/fstream": {
      "version": "1.0.11"
    },
    "node_modules/adm-zip": {
      "version": "0.4.7"
    },
    "node_modules/adm-zip-util": {
      "version": "0.1.0"
    },
    "node_modules/archiver": {
      "version": "3.0.0"
    },
    "node_modules/extract-zip": {
      "version": "1.6.7"
    },
    "node_modules/unzipper": {
      "version": "0.8.12"
    },
    "node_modules/form-data": {
      "version": "2.3.2"
    },
    "node_modules/request-promise": {
      "version": "4.2.2"
    },
    "node_modules/tunnel-agent": {
      "version": "0.6.0"
    },
    "node_modules/hawk": {
      "version": "6.0.2"
    },
    "node_modules/boom": {
      "version": "4.3.1"
    },
    "node_modules/sntp": {
      "version": "2.1.0"
    },
    "node_modules/har-validator": {
      "version": "5.1.3"
    },
    "node_modules/uglify-js": {
      "version": "2.8.29"
    },
    "node_modules/uglify-es": {
      "version": "3.3.9"
    },
    "node_modules/serialize-to-js": {
      "version": "3.0.0"
    },
    "node_modules/markdown-it": {
      "version": "8.4.1"
    },
    "node_modules/remarkable": {
      "version": "1.7.1"
    },
    "node_modules/showdown": {
      "version": "1.9.0"
    },
    "node_modules/mathjs": {
      "version": "3.9.0"
    },
    "node_modules/mongoose-mask": {
      "version": "0.0.2"
    },
    "node_modules/mongo-express": {
      "version": "0.49.0"
    },
    "node_modules/mongodb": {
      "version": "3.1.13"
    },
    "node_modules/bson": {
      "version": "1.1.3"
    },
    "node_modules/redis-commander": {
      "version": "0.6.0"
    },
    "node_modules/ioredis": {
      "version": "4.17.3"
    },
    "node_modules/mem": {
      "version": "4.0.0"
    },
    "node_modules/cache-manager": {
      "version": "2.10.0"
    },
    "node_modules/memcached": {
      "version": "2.2.2"
    },
    "node_modules/jwt-simple": {
      "version": "0.5.1"
    },
    "node_modules/oauth2-server": {
      "version": "3.0.1"
    },
    "node_modules/passport-jwt": {
      "version": "4.0.0"
    },
    "node_modules/express-session": {
      "version": "1.15.6"
    },
    "node_modules/connect-redis": {
      "version": "3.4.0"
    },
    "node_modules/csurf": {
      "version": "1.9.0"
    },
    "node_modules/helmet-csp": {
      "version": "2.9.0"
    },
    "node_modules/xss": {
      "version": "1.0.8"
    },
    "node_modules/dom-serializer": {
      "version": "0.1.1"
    },
    "node_modules/parse5": {
      "version": "5.1.0"
    },
    "node_modules/html-minifier": {
      "version": "4.0.0"
    },
    "node_modules/svgo": {
      "version": "1.2.2"
    },
    "node_modules/svg2img": {
      "version": "0.6.0"
    },
    "node_modules/pdfkit": {
      "version": "0.8.3"
    },
    "node_modules/xlsx": {
      "version": "0.17.0"
    },
    "node_modules/exceljs": {
      "version": "1.6.3"
    },
    "node_modules/csv-parse": {
      "version": "4.4.0"
    },
    "node_modules/csvtojson": {
      "version": "2.0.10"
    },
    "node_modules/nodemailer": {
      "version": "6.4.10"
    },
    "node_modules/mailparser": {
      "version": "2.7.7"
    },
    "node_modules/socket.io-parser": {
      "version": "3.3.0"
    },
    "node_modules/engine.io-client": {
      "version": "6.1.1"
    },
    "node_modules/node-serialize": {
      "version": "0.0.4"
    },
    "node_modules/serialize-error": {
      "version": "7.0.0"
    },
    "node_modules/dns-sync": {
      "version": "0.1.3"
    },
    "node_modules/dns-packet": {
      "version": "1.3.1"
    },
    "node_modules/tcp-port-used": {
      "version": "1.0.1"
    },
    "node_modules/netmask": {
      "version": "1.0.6"
    },
    "node_modules/http-cache-semantics": {
      "version": "4.0.0"
    },
    "node_modules/cacheable-request": {
      "version": "6.1.0"
    },
    "node_modules/tar-fs": {
      "version": "1.16.3"
    },
    "node_modules/fstream-ignore": {
      "version": "1.0.5"
    },
    "node_modules/shell-quote": {
      "version": "1.7.2"
    },
    "node_modules/execa": {
      "version": "0.8.0"
    },
    "node_modules/npm": {
      "version": "6.14.0"
    },
    "node_modules/npm-registry-fetch": {
      "version": "4.0.5"
    },
    "node_modules/pac-proxy-agent": {
      "version": "5.0.0"
    },
    "node_modules/httpntlm": {
      "version": "1.7.6"
    },
    "node_modules/axios-retry": {
      "version": "3.1.2"
    },
    "node_modules/swagger-ui-express": {
      "version": "4.1.4"
    },
    "node_modules/swagger-parser": {
      "version": "10.0.2"
    },
    "node_modules/openapi-schema-validator": {
      "version": "3.0.0"
    },
    "node_modules/xml-crypto": {
      "version": "1.4.1"
    },
    "node_modules/xmldom": {
      "version": "0.1.27"
    },
    "node_modules/libxmljs": {
      "version": "0.19.7"
    },
    "node_modules/jsonwebtoken-refresh": {
      "version": "1.0.0"
    },
    "node_modules/keycloak-connect": {
      "version": "12.0.4"
    },
    "node_modules/openid-client": {
      "version": "5.1.8"
    },
    "node_modules/bcrypt": {
      "version": "5.0.0"
    },
    "node_modules/bcryptjs": {
      "version": "2.4.2"
    },
    "node_modules/crypto-js": {
      "version": "3.1.9-1"
    },
    "node_modules/node-rsa": {
      "version": "1.0.5"
    },
    "node_modules/tweetnacl": {
      "version": "1.0.1"
    },
    "node_modules/jose": {
      "version": "3.11.5"
    },
    "node_modules/moment-timezone": {
      "version": "0.5.31"
    },
    "node_modules/date-fns": {
      "version": "2.15.0"
    },
    "node_modules/cron": {
      "version": "1.8.2"
    },
    "node_modules/pm2": {
      "version": "4.5.0"
    },
    "node_modules/forever": {
      "version": "2.0.0"
    },
    "node_modules/nodemon": {
      "version": "2.0.3"
    },
    "node_modules/yeoman-generator": {
      "version": "4.11.0"
    },
    "node_modules/yeoman-environment": {
      "version": "2.10.3"
    },
    "node_modules/parcel-bundler": {
      "version": "1.12.4"
    },
    "node_modules/vite": {
      "version": "2.9.15"
    },
    "node_modules/rollup": {
      "version": "2.38.0"
    },
    "node_modules/webpack": {
      "version": "4.44.2"
    },
    "node_modules/babel-core": {
      "version": "6.26.3"
    },
    "node_modules/core-js": {
      "version": "2.6.11"
    },
    "node_modules/vue": {
      "version": "2.5.17"
    },
    "node_modules/vue-template-compiler": {
      "version": "2.6.12"
    },
    "node_modules/angular": {
      "version": "1.7.8"
    },
    "node_modules/ember-source": {
      "version": "3.20.0"
    },
    "node_modules/react-router": {
      "version": "5.2.0"
    },
    "node_modules/redux": {
      "version": "4.0.5"
    },
    "node_modules/mobx": {
      "version": "5.15.4"
    },
    "node_modules/rxjs": {
      "version": "6.5.5"
    },
    "node_modules/zone.js": {
      "version": "0.10.3"
    },
    "node_modules/deepmerge": {
      "version": "2.0.1"
    },
    "node_modules/dot-prop": {
      "version": "4.2.0"
    },
    "node_modules/merge": {
      "version": "1.2.0"
    },
    "node_modules/lodash.merge": {
      "version": "4.6.1"
    },
    "node_modules/ecstatic": {
      "version": "2.2.1"
    },
    "node_modules/http-server": {
      "version": "0.11.1"
    },
    "node_modules/st": {
      "version": "0.2.4"
    },
    "node_modules/growl": {
      "version": "1.9.2"
    },
    "node_modules/diff": {
      "version": "3.5.0"
    },
    "node_modules/color-string": {
      "version": "1.5.3"
    },
    "node_modules/eventsource": {
      "version": "1.0.5"
    },
    "node_modules/atob": {
      "version": "2.1.0"
    },
    "node_modules/rc": {
      "version": "1.2.7"
    },
    "node_modules/react": {
      "version": "16.0.0"
    },
    "node_modules/react-dom": {
      "version": "16.0.0"
    },
    "node_modules/chart.js": {
      "version": "2.8.0"
    },
    "node_modules/sweetalert": {
      "version": "2.1.0"
    },
    "node_modules/is-my-json-valid": {
      "version": "2.17.2"
    },
    "node_modules/pdfinfojs": {
      "version": "0.3.6"
    },
    "node_modules/ghostscript4js": {
      "version": "2.1.2"
    },
    "node_modules/trim-newlines": {
      "version": "3.0.0"
    }
  }
}